{
  "name": "ublkcore",
  "version": "1.0.0",
  "lockfileVersion": 3,
  "requires": true,
  "packages": {
    "": {
      "name": "ublkcore",
      "version": "1.0.0",
      "license": "ISC",
      "dependencies": {
        "@mercuryworkshop/bare-mux": "^2.1.7"
      }
    },
    "node_modules/@mercuryworkshop/bare-mux": {
      "version": "2.1.7",
      "resolved": "https://registry.npmjs.org/@mercuryworkshop/bare-mux/-/bare-mux-2.1.7.tgz",
      "integrity": "sha512-BUamyc7jsIFbWQVVWjVjaD+Wot77EPwolkrbP3UuIs6QeHR1RY52+IR2fq3GkRAbOOrAZNT7EgZSsupkh1NowQ=="
    }
  }
}
